<?xml version="1.0" encoding="utf-8"?>
<Project ToolsVersion="4.0" xmlns="http://schemas.microsoft.com/developer/msbuild/2003">
  <ItemGroup>
    <Text Include="ReadMe.txt" />
  </ItemGroup>
  <ItemGroup>
    <Filter Include="Inc">
      <UniqueIdentifier>{136268c0-ede7-4a62-b220-369b978a0dd2}</UniqueIdentifier>
    </Filter>
    <Filter Include="Src">
      <UniqueIdentifier>{ad170d36-57f3-4d6d-a9aa-6f26e6572dbd}</UniqueIdentifier>
    </Filter>
  </ItemGroup>
  <ItemGroup>
    <ClInclude Include="Inc\Common.h">
      <Filter>Inc</Filter>
    </ClInclude>
    <ClInclude Include="Inc\Network.h">
      <Filter>Inc</Filter>
    </ClInclude>
    <ClInclude Include="Inc\SocketAddress.h">
      <Filter>Inc</Filter>
    </ClInclude>
    <ClInclude Include="Inc\TCPSocket.h">
      <Filter>Inc</Filter>
    </ClInclude>
    <ClInclude Include="Inc\UDPSocket.h">
      <Filter>Inc</Filter>
    </ClInclude>
    <ClInclude Include="Inc\NetworkUtil.h">
      <Filter>Inc</Filter>
    </ClInclude>
    <ClInclude Include="Src\Precompiled.h">
      <Filter>Src</Filter>
    </ClInclude>
    <ClInclude Include="Inc\StreamReader.h">
      <Filter>Inc</Filter>
    </ClInclude>
    <ClInclude Include="Inc\StreamWriter.h">
      <Filter>Inc</Filter>
    </ClInclude>
    <ClInclude Include="Inc\MemoryStream.h">
      <Filter>Inc</Filter>
    </ClInclude>
    <ClInclude Include="Inc\LinkingContext.h">
      <Filter>Inc</Filter>
    </ClInclude>
    <ClInclude Include="ObjectFactory.h">
      <Filter>Inc</Filter>
    </ClInclude>
  </ItemGroup>
  <ItemGroup>
    <ClCompile Include="Src\Precompiled.cpp">
      <Filter>Src</Filter>
    </ClCompile>
    <ClCompile Include="Src\NetworkUtil.cpp">
      <Filter>Src</Filter>
    </ClCompile>
    <ClCompile Include="Src\SocketAddress.cpp">
      <Filter>Src</Filter>
    </ClCompile>
    <ClCompile Include="Src\TCPSocket.cpp">
      <Filter>Src</Filter>
    </ClCompile>
    <ClCompile Include="Src\UDPSocket.cpp">
      <Filter>Src</Filter>
    </ClCompile>
    <ClCompile Include="Src\MemoryStream.cpp">
      <Filter>Src</Filter>
    </ClCompile>
    <ClCompile Include="Src\StreamReader.cpp">
      <Filter>Src</Filter>
    </ClCompile>
    <ClCompile Include="Src\StreamWriter.cpp">
      <Filter>Src</Filter>
    </ClCompile>
    <ClCompile Include="Src\LinkingContext.cpp">
      <Filter>Src</Filter>
    </ClCompile>
  </ItemGroup>
</Project>