<?xml version="1.0" encoding="utf-8"?>
<Project ToolsVersion="4.0" xmlns="http://schemas.microsoft.com/developer/msbuild/2003">
  <ItemGroup>
    <ClInclude Include="GameApp.h" />
    <ClInclude Include="Room.h">
      <Filter>Inc</Filter>
    </ClInclude>
  </ItemGroup>
  <ItemGroup>
    <ClCompile Include="GameApp.cpp" />
    <ClCompile Include="WinMain.cpp" />
    <ClCompile Include="Room.cpp">
      <Filter>Src</Filter>
    </ClCompile>
  </ItemGroup>
  <ItemGroup>
    <Filter Include="Inc">
      <UniqueIdentifier>{f8c53ffa-91fd-4204-aebd-7e9e0b9cc158}</UniqueIdentifier>
    </Filter>
    <Filter Include="Src">
      <UniqueIdentifier>{ec928d9c-0832-4667-94f6-068b86d45857}</UniqueIdentifier>
    </Filter>
  </ItemGroup>
</Project>