<?xml version="1.0" encoding="utf-8"?>
<Project ToolsVersion="4.0" xmlns="http://schemas.microsoft.com/developer/msbuild/2003">
  <ItemGroup>
    <Filter Include="Inc">
      <UniqueIdentifier>{cd3d3f9d-0ada-4d5d-ac13-a79d10c2ec88}</UniqueIdentifier>
    </Filter>
    <Filter Include="Src">
      <UniqueIdentifier>{c7549cd1-201c-46d1-a2fd-521aeb011574}</UniqueIdentifier>
    </Filter>
  </ItemGroup>
  <ItemGroup>
    <ClInclude Include="Vector2.h">
      <Filter>Inc</Filter>
    </ClInclude>
    <ClInclude Include="Vector3.h">
      <Filter>Inc</Filter>
    </ClInclude>
    <ClInclude Include="Vector4.h">
      <Filter>Inc</Filter>
    </ClInclude>
    <ClInclude Include="Matrix.h">
      <Filter>Inc</Filter>
    </ClInclude>
    <ClInclude Include="Matrix3.h">
      <Filter>Inc</Filter>
    </ClInclude>
    <ClInclude Include="Quaternion.h">
      <Filter>Inc</Filter>
    </ClInclude>
    <ClInclude Include="SimpleMath.h">
      <Filter>Inc</Filter>
    </ClInclude>
    <ClInclude Include="Math.h">
      <Filter>Inc</Filter>
    </ClInclude>
    <ClInclude Include="Common.h">
      <Filter>Inc</Filter>
    </ClInclude>
    <ClInclude Include="Precompiled.h">
      <Filter>Src</Filter>
    </ClInclude>
  </ItemGroup>
  <ItemGroup>
    <ClCompile Include="Matrix.cpp">
      <Filter>Src</Filter>
    </ClCompile>
    <ClCompile Include="Matrix3.cpp">
      <Filter>Src</Filter>
    </ClCompile>
    <ClCompile Include="Quaternion.cpp">
      <Filter>Src</Filter>
    </ClCompile>
    <ClCompile Include="SimpleMath.cpp">
      <Filter>Src</Filter>
    </ClCompile>
    <ClCompile Include="Vector2.cpp">
      <Filter>Src</Filter>
    </ClCompile>
    <ClCompile Include="Vector3.cpp">
      <Filter>Src</Filter>
    </ClCompile>
    <ClCompile Include="Vector4.cpp">
      <Filter>Src</Filter>
    </ClCompile>
    <ClCompile Include="Math.cpp">
      <Filter>Src</Filter>
    </ClCompile>
    <ClCompile Include="Precompiled.cpp">
      <Filter>Src</Filter>
    </ClCompile>
  </ItemGroup>
</Project>