
Microsoft Visual Studio Solution File, Format Version 12.00
# Visual Studio 15
VisualStudioVersion = 15.0.26430.16
MinimumVisualStudioVersion = 10.0.40219.1
Project("{8BC9CEB8-8B4A-11D0-8D11-00A0C91BC942}") = "Core", "Core\Core.vcxproj", "{73B1B822-FD8D-4E45-B013-13D95484B7ED}"
EndProject
Project("{2150E333-8FDC-42A3-9474-1A3956D46DE8}") = "Engine", "Engine", "{C5F88A4B-1BF1-4F05-9726-D663178F6F66}"
	ProjectSection(SolutionItems) = preProject
		ToDoList.txt = ToDoList.txt
	EndProjectSection
EndProject
Project("{2150E333-8FDC-42A3-9474-1A3956D46DE8}") = "App", "App", "{18C2E41C-0BC6-42BD-9043-428561B565BC}"
	ProjectSection(SolutionItems) = preProject
		ToDoList.txt = ToDoList.txt
	EndProjectSection
EndProject
Project("{8BC9CEB8-8B4A-11D0-8D11-00A0C91BC942}") = "HelloEngine", "HelloEngine\HelloEngine.vcxproj", "{908819F1-7E72-4A7B-B0B3-EC5716A5F29F}"
EndProject
Project("{8BC9CEB8-8B4A-11D0-8D11-00A0C91BC942}") = "Graphics", "Graphics\Graphics.vcxproj", "{D5F7A369-ED1B-4190-AE93-100F6403BAED}"
EndProject
Project("{8BC9CEB8-8B4A-11D0-8D11-00A0C91BC942}") = "Hello_Triangle", "Hello_Triangle\Hello_Triangle.vcxproj", "{9AA459F5-30C7-4C21-9266-E042CCDE2B2F}"
EndProject
Project("{8BC9CEB8-8B4A-11D0-8D11-00A0C91BC942}") = "Hello_Cube", "Hello_Cube\Hello_Cube.vcxproj", "{1ACE9E63-D6D8-4424-9875-F7FF6DA97219}"
EndProject
Project("{8BC9CEB8-8B4A-11D0-8D11-00A0C91BC942}") = "Input", "Input\Input.vcxproj", "{D173D18E-8D7B-4062-AED5-32AC61CD24B4}"
EndProject
Project("{2150E333-8FDC-42A3-9474-1A3956D46DE8}") = "Externals", "Externals", "{E3AA1160-90C7-405B-9854-0FB98AD39DD0}"
EndProject
Project("{8BC9CEB8-8B4A-11D0-8D11-00A0C91BC942}") = "DirectXTK_Desktop_2015", "Externals\DirectXTK\DirectXTK_Desktop_2015.vcxproj", "{E0B52AE7-E160-4D32-BF3F-910B785E5A8E}"
EndProject
Project("{8BC9CEB8-8B4A-11D0-8D11-00A0C91BC942}") = "Hello_Models", "Hello_Light\Hello_Light.vcxproj", "{11E5F3C2-6662-4908-9A8D-96D3C852EAE5}"
EndProject
Project("{2150E333-8FDC-42A3-9474-1A3956D46DE8}") = "Tools", "Tools", "{09EF8FBE-35C1-4452-942A-6E13BD3E76A6}"
EndProject
Project("{8BC9CEB8-8B4A-11D0-8D11-00A0C91BC942}") = "ModelImporter", "ModelImporter\ModelImporter.vcxproj", "{0C50EDD0-E645-4124-B2A0-465664B92E4B}"
EndProject
Project("{8BC9CEB8-8B4A-11D0-8D11-00A0C91BC942}") = "Hello_Earth", "HelloEarth\HelloEarth.vcxproj", "{C7A7CF34-FE28-43E2-B3D6-C4184A464C1E}"
EndProject
Project("{8BC9CEB8-8B4A-11D0-8D11-00A0C91BC942}") = "Hello_PostProcessing", "Hello_PostProcessing\Hello_PostProcessing.vcxproj", "{8ABFC9EF-8C9A-408C-AD35-D1DCB38CB9A7}"
EndProject
Project("{8BC9CEB8-8B4A-11D0-8D11-00A0C91BC942}") = "Multithreading", "Multithreading\Multithreading.vcxproj", "{96B00AA7-CD66-46E8-BC20-D86DD95A2277}"
EndProject
Project("{8BC9CEB8-8B4A-11D0-8D11-00A0C91BC942}") = "RTS_Framework", "RTS_Framework\RTS_Framework.vcxproj", "{E969D236-D8B1-43A0-87A7-BC0B8EC8B246}"
EndProject
Project("{8BC9CEB8-8B4A-11D0-8D11-00A0C91BC942}") = "TinyXML", "Externals\TinyXML\TinyXML.vcxproj", "{F0CFFF50-94C6-418B-9109-8C0EE4C87270}"
EndProject
Project("{8BC9CEB8-8B4A-11D0-8D11-00A0C91BC942}") = "Engine", "Engine\Engine.vcxproj", "{32180E84-8B10-456E-B308-C3F44CDA2C63}"
EndProject
Project("{2150E333-8FDC-42A3-9474-1A3956D46DE8}") = "Graphics", "Graphics", "{26BD0025-342C-4076-9FC9-A0E714B6174C}"
EndProject
Project("{2150E333-8FDC-42A3-9474-1A3956D46DE8}") = "Libraries", "Libraries", "{B7F3E0B7-0A92-49F0-B899-027D3EE48EE7}"
EndProject
Project("{2150E333-8FDC-42A3-9474-1A3956D46DE8}") = "Input", "Input", "{526DBCE3-9618-47B2-8D5F-387303D54225}"
EndProject
Project("{8BC9CEB8-8B4A-11D0-8D11-00A0C91BC942}") = "Math", "Math\Math.vcxproj", "{04018BC8-C7F4-4684-8CD8-4AA25A6B7114}"
EndProject
Project("{8BC9CEB8-8B4A-11D0-8D11-00A0C91BC942}") = "ImGui", "Externals\ImGui\ImGui.vcxproj", "{BFF9C813-01AF-43B3-A23E-2C62F332B994}"
EndProject
Project("{8BC9CEB8-8B4A-11D0-8D11-00A0C91BC942}") = "Meta", "Meta\Meta.vcxproj", "{F0560F70-6A99-4A0D-8DED-BAAD4281578B}"
EndProject
Project("{2150E333-8FDC-42A3-9474-1A3956D46DE8}") = "Networking", "Networking", "{84CFAEC3-AA4D-4A8D-8AA2-46ADCFC97ADE}"
EndProject
Project("{8BC9CEB8-8B4A-11D0-8D11-00A0C91BC942}") = "NetworkingLibrary", "..\..\NetworkingLibrary\NetworkingLibrary.vcxproj", "{8777203E-DAC8-4748-BEC9-FC0FAC0E5BE3}"
EndProject
Global
	GlobalSection(SolutionConfigurationPlatforms) = preSolution
		Debug|Any CPU = Debug|Any CPU
		Debug|x64 = Debug|x64
		Debug|x86 = Debug|x86
		Release|Any CPU = Release|Any CPU
		Release|x64 = Release|x64
		Release|x86 = Release|x86
	EndGlobalSection
	GlobalSection(ProjectConfigurationPlatforms) = postSolution
		{73B1B822-FD8D-4E45-B013-13D95484B7ED}.Debug|Any CPU.ActiveCfg = Debug|Win32
		{73B1B822-FD8D-4E45-B013-13D95484B7ED}.Debug|x64.ActiveCfg = Debug|x64
		{73B1B822-FD8D-4E45-B013-13D95484B7ED}.Debug|x64.Build.0 = Debug|x64
		{73B1B822-FD8D-4E45-B013-13D95484B7ED}.Debug|x86.ActiveCfg = Debug|Win32
		{73B1B822-FD8D-4E45-B013-13D95484B7ED}.Debug|x86.Build.0 = Debug|Win32
		{73B1B822-FD8D-4E45-B013-13D95484B7ED}.Release|Any CPU.ActiveCfg = Release|Win32
		{73B1B822-FD8D-4E45-B013-13D95484B7ED}.Release|x64.ActiveCfg = Release|x64
		{73B1B822-FD8D-4E45-B013-13D95484B7ED}.Release|x64.Build.0 = Release|x64
		{73B1B822-FD8D-4E45-B013-13D95484B7ED}.Release|x86.ActiveCfg = Release|Win32
		{73B1B822-FD8D-4E45-B013-13D95484B7ED}.Release|x86.Build.0 = Release|Win32
		{908819F1-7E72-4A7B-B0B3-EC5716A5F29F}.Debug|Any CPU.ActiveCfg = Debug|Win32
		{908819F1-7E72-4A7B-B0B3-EC5716A5F29F}.Debug|x64.ActiveCfg = Debug|x64
		{908819F1-7E72-4A7B-B0B3-EC5716A5F29F}.Debug|x64.Build.0 = Debug|x64
		{908819F1-7E72-4A7B-B0B3-EC5716A5F29F}.Debug|x86.ActiveCfg = Debug|Win32
		{908819F1-7E72-4A7B-B0B3-EC5716A5F29F}.Debug|x86.Build.0 = Debug|Win32
		{908819F1-7E72-4A7B-B0B3-EC5716A5F29F}.Release|Any CPU.ActiveCfg = Release|Win32
		{908819F1-7E72-4A7B-B0B3-EC5716A5F29F}.Release|x64.ActiveCfg = Release|x64
		{908819F1-7E72-4A7B-B0B3-EC5716A5F29F}.Release|x64.Build.0 = Release|x64
		{908819F1-7E72-4A7B-B0B3-EC5716A5F29F}.Release|x86.ActiveCfg = Release|Win32
		{908819F1-7E72-4A7B-B0B3-EC5716A5F29F}.Release|x86.Build.0 = Release|Win32
		{D5F7A369-ED1B-4190-AE93-100F6403BAED}.Debug|Any CPU.ActiveCfg = Debug|Win32
		{D5F7A369-ED1B-4190-AE93-100F6403BAED}.Debug|x64.ActiveCfg = Debug|x64
		{D5F7A369-ED1B-4190-AE93-100F6403BAED}.Debug|x64.Build.0 = Debug|x64
		{D5F7A369-ED1B-4190-AE93-100F6403BAED}.Debug|x86.ActiveCfg = Debug|Win32
		{D5F7A369-ED1B-4190-AE93-100F6403BAED}.Debug|x86.Build.0 = Debug|Win32
		{D5F7A369-ED1B-4190-AE93-100F6403BAED}.Release|Any CPU.ActiveCfg = Release|Win32
		{D5F7A369-ED1B-4190-AE93-100F6403BAED}.Release|x64.ActiveCfg = Release|x64
		{D5F7A369-ED1B-4190-AE93-100F6403BAED}.Release|x64.Build.0 = Release|x64
		{D5F7A369-ED1B-4190-AE93-100F6403BAED}.Release|x86.ActiveCfg = Release|Win32
		{D5F7A369-ED1B-4190-AE93-100F6403BAED}.Release|x86.Build.0 = Release|Win32
		{9AA459F5-30C7-4C21-9266-E042CCDE2B2F}.Debug|Any CPU.ActiveCfg = Debug|Win32
		{9AA459F5-30C7-4C21-9266-E042CCDE2B2F}.Debug|x64.ActiveCfg = Debug|x64
		{9AA459F5-30C7-4C21-9266-E042CCDE2B2F}.Debug|x64.Build.0 = Debug|x64
		{9AA459F5-30C7-4C21-9266-E042CCDE2B2F}.Debug|x86.ActiveCfg = Debug|Win32
		{9AA459F5-30C7-4C21-9266-E042CCDE2B2F}.Debug|x86.Build.0 = Debug|Win32
		{9AA459F5-30C7-4C21-9266-E042CCDE2B2F}.Release|Any CPU.ActiveCfg = Release|Win32
		{9AA459F5-30C7-4C21-9266-E042CCDE2B2F}.Release|x64.ActiveCfg = Release|x64
		{9AA459F5-30C7-4C21-9266-E042CCDE2B2F}.Release|x64.Build.0 = Release|x64
		{9AA459F5-30C7-4C21-9266-E042CCDE2B2F}.Release|x86.ActiveCfg = Release|Win32
		{9AA459F5-30C7-4C21-9266-E042CCDE2B2F}.Release|x86.Build.0 = Release|Win32
		{1ACE9E63-D6D8-4424-9875-F7FF6DA97219}.Debug|Any CPU.ActiveCfg = Debug|Win32
		{1ACE9E63-D6D8-4424-9875-F7FF6DA97219}.Debug|x64.ActiveCfg = Debug|x64
		{1ACE9E63-D6D8-4424-9875-F7FF6DA97219}.Debug|x64.Build.0 = Debug|x64
		{1ACE9E63-D6D8-4424-9875-F7FF6DA97219}.Debug|x86.ActiveCfg = Debug|Win32
		{1ACE9E63-D6D8-4424-9875-F7FF6DA97219}.Debug|x86.Build.0 = Debug|Win32
		{1ACE9E63-D6D8-4424-9875-F7FF6DA97219}.Release|Any CPU.ActiveCfg = Release|Win32
		{1ACE9E63-D6D8-4424-9875-F7FF6DA97219}.Release|x64.ActiveCfg = Release|x64
		{1ACE9E63-D6D8-4424-9875-F7FF6DA97219}.Release|x64.Build.0 = Release|x64
		{1ACE9E63-D6D8-4424-9875-F7FF6DA97219}.Release|x86.ActiveCfg = Release|Win32
		{1ACE9E63-D6D8-4424-9875-F7FF6DA97219}.Release|x86.Build.0 = Release|Win32
		{D173D18E-8D7B-4062-AED5-32AC61CD24B4}.Debug|Any CPU.ActiveCfg = Debug|Win32
		{D173D18E-8D7B-4062-AED5-32AC61CD24B4}.Debug|x64.ActiveCfg = Debug|x64
		{D173D18E-8D7B-4062-AED5-32AC61CD24B4}.Debug|x64.Build.0 = Debug|x64
		{D173D18E-8D7B-4062-AED5-32AC61CD24B4}.Debug|x86.ActiveCfg = Debug|Win32
		{D173D18E-8D7B-4062-AED5-32AC61CD24B4}.Debug|x86.Build.0 = Debug|Win32
		{D173D18E-8D7B-4062-AED5-32AC61CD24B4}.Release|Any CPU.ActiveCfg = Release|Win32
		{D173D18E-8D7B-4062-AED5-32AC61CD24B4}.Release|x64.ActiveCfg = Release|x64
		{D173D18E-8D7B-4062-AED5-32AC61CD24B4}.Release|x64.Build.0 = Release|x64
		{D173D18E-8D7B-4062-AED5-32AC61CD24B4}.Release|x86.ActiveCfg = Release|Win32
		{D173D18E-8D7B-4062-AED5-32AC61CD24B4}.Release|x86.Build.0 = Release|Win32
		{E0B52AE7-E160-4D32-BF3F-910B785E5A8E}.Debug|Any CPU.ActiveCfg = Debug|Win32
		{E0B52AE7-E160-4D32-BF3F-910B785E5A8E}.Debug|x64.ActiveCfg = Debug|x64
		{E0B52AE7-E160-4D32-BF3F-910B785E5A8E}.Debug|x64.Build.0 = Debug|x64
		{E0B52AE7-E160-4D32-BF3F-910B785E5A8E}.Debug|x86.ActiveCfg = Debug|Win32
		{E0B52AE7-E160-4D32-BF3F-910B785E5A8E}.Debug|x86.Build.0 = Debug|Win32
		{E0B52AE7-E160-4D32-BF3F-910B785E5A8E}.Release|Any CPU.ActiveCfg = Release|Win32
		{E0B52AE7-E160-4D32-BF3F-910B785E5A8E}.Release|x64.ActiveCfg = Release|x64
		{E0B52AE7-E160-4D32-BF3F-910B785E5A8E}.Release|x64.Build.0 = Release|x64
		{E0B52AE7-E160-4D32-BF3F-910B785E5A8E}.Release|x86.ActiveCfg = Release|Win32
		{E0B52AE7-E160-4D32-BF3F-910B785E5A8E}.Release|x86.Build.0 = Release|Win32
		{11E5F3C2-6662-4908-9A8D-96D3C852EAE5}.Debug|Any CPU.ActiveCfg = Debug|Win32
		{11E5F3C2-6662-4908-9A8D-96D3C852EAE5}.Debug|x64.ActiveCfg = Debug|x64
		{11E5F3C2-6662-4908-9A8D-96D3C852EAE5}.Debug|x64.Build.0 = Debug|x64
		{11E5F3C2-6662-4908-9A8D-96D3C852EAE5}.Debug|x86.ActiveCfg = Debug|Win32
		{11E5F3C2-6662-4908-9A8D-96D3C852EAE5}.Debug|x86.Build.0 = Debug|Win32
		{11E5F3C2-6662-4908-9A8D-96D3C852EAE5}.Release|Any CPU.ActiveCfg = Release|Win32
		{11E5F3C2-6662-4908-9A8D-96D3C852EAE5}.Release|x64.ActiveCfg = Release|x64
		{11E5F3C2-6662-4908-9A8D-96D3C852EAE5}.Release|x64.Build.0 = Release|x64
		{11E5F3C2-6662-4908-9A8D-96D3C852EAE5}.Release|x86.ActiveCfg = Release|Win32
		{11E5F3C2-6662-4908-9A8D-96D3C852EAE5}.Release|x86.Build.0 = Release|Win32
		{0C50EDD0-E645-4124-B2A0-465664B92E4B}.Debug|Any CPU.ActiveCfg = Debug|Win32
		{0C50EDD0-E645-4124-B2A0-465664B92E4B}.Debug|x64.ActiveCfg = Debug|x64
		{0C50EDD0-E645-4124-B2A0-465664B92E4B}.Debug|x64.Build.0 = Debug|x64
		{0C50EDD0-E645-4124-B2A0-465664B92E4B}.Debug|x86.ActiveCfg = Debug|Win32
		{0C50EDD0-E645-4124-B2A0-465664B92E4B}.Debug|x86.Build.0 = Debug|Win32
		{0C50EDD0-E645-4124-B2A0-465664B92E4B}.Release|Any CPU.ActiveCfg = Release|Win32
		{0C50EDD0-E645-4124-B2A0-465664B92E4B}.Release|x64.ActiveCfg = Release|x64
		{0C50EDD0-E645-4124-B2A0-465664B92E4B}.Release|x64.Build.0 = Release|x64
		{0C50EDD0-E645-4124-B2A0-465664B92E4B}.Release|x86.ActiveCfg = Release|Win32
		{0C50EDD0-E645-4124-B2A0-465664B92E4B}.Release|x86.Build.0 = Release|Win32
		{C7A7CF34-FE28-43E2-B3D6-C4184A464C1E}.Debug|Any CPU.ActiveCfg = Debug|Win32
		{C7A7CF34-FE28-43E2-B3D6-C4184A464C1E}.Debug|x64.ActiveCfg = Debug|x64
		{C7A7CF34-FE28-43E2-B3D6-C4184A464C1E}.Debug|x64.Build.0 = Debug|x64
		{C7A7CF34-FE28-43E2-B3D6-C4184A464C1E}.Debug|x86.ActiveCfg = Debug|Win32
		{C7A7CF34-FE28-43E2-B3D6-C4184A464C1E}.Debug|x86.Build.0 = Debug|Win32
		{C7A7CF34-FE28-43E2-B3D6-C4184A464C1E}.Release|Any CPU.ActiveCfg = Release|Win32
		{C7A7CF34-FE28-43E2-B3D6-C4184A464C1E}.Release|x64.ActiveCfg = Release|x64
		{C7A7CF34-FE28-43E2-B3D6-C4184A464C1E}.Release|x64.Build.0 = Release|x64
		{C7A7CF34-FE28-43E2-B3D6-C4184A464C1E}.Release|x86.ActiveCfg = Release|Win32
		{C7A7CF34-FE28-43E2-B3D6-C4184A464C1E}.Release|x86.Build.0 = Release|Win32
		{8ABFC9EF-8C9A-408C-AD35-D1DCB38CB9A7}.Debug|Any CPU.ActiveCfg = Debug|Win32
		{8ABFC9EF-8C9A-408C-AD35-D1DCB38CB9A7}.Debug|x64.ActiveCfg = Debug|x64
		{8ABFC9EF-8C9A-408C-AD35-D1DCB38CB9A7}.Debug|x64.Build.0 = Debug|x64
		{8ABFC9EF-8C9A-408C-AD35-D1DCB38CB9A7}.Debug|x86.ActiveCfg = Debug|Win32
		{8ABFC9EF-8C9A-408C-AD35-D1DCB38CB9A7}.Debug|x86.Build.0 = Debug|Win32
		{8ABFC9EF-8C9A-408C-AD35-D1DCB38CB9A7}.Release|Any CPU.ActiveCfg = Release|Win32
		{8ABFC9EF-8C9A-408C-AD35-D1DCB38CB9A7}.Release|x64.ActiveCfg = Release|x64
		{8ABFC9EF-8C9A-408C-AD35-D1DCB38CB9A7}.Release|x64.Build.0 = Release|x64
		{8ABFC9EF-8C9A-408C-AD35-D1DCB38CB9A7}.Release|x86.ActiveCfg = Release|Win32
		{8ABFC9EF-8C9A-408C-AD35-D1DCB38CB9A7}.Release|x86.Build.0 = Release|Win32
		{96B00AA7-CD66-46E8-BC20-D86DD95A2277}.Debug|Any CPU.ActiveCfg = Debug|Win32
		{96B00AA7-CD66-46E8-BC20-D86DD95A2277}.Debug|x64.ActiveCfg = Debug|x64
		{96B00AA7-CD66-46E8-BC20-D86DD95A2277}.Debug|x64.Build.0 = Debug|x64
		{96B00AA7-CD66-46E8-BC20-D86DD95A2277}.Debug|x86.ActiveCfg = Debug|Win32
		{96B00AA7-CD66-46E8-BC20-D86DD95A2277}.Debug|x86.Build.0 = Debug|Win32
		{96B00AA7-CD66-46E8-BC20-D86DD95A2277}.Release|Any CPU.ActiveCfg = Release|Win32
		{96B00AA7-CD66-46E8-BC20-D86DD95A2277}.Release|x64.ActiveCfg = Release|x64
		{96B00AA7-CD66-46E8-BC20-D86DD95A2277}.Release|x64.Build.0 = Release|x64
		{96B00AA7-CD66-46E8-BC20-D86DD95A2277}.Release|x86.ActiveCfg = Release|Win32
		{96B00AA7-CD66-46E8-BC20-D86DD95A2277}.Release|x86.Build.0 = Release|Win32
		{E969D236-D8B1-43A0-87A7-BC0B8EC8B246}.Debug|Any CPU.ActiveCfg = Debug|Win32
		{E969D236-D8B1-43A0-87A7-BC0B8EC8B246}.Debug|x64.ActiveCfg = Debug|x64
		{E969D236-D8B1-43A0-87A7-BC0B8EC8B246}.Debug|x64.Build.0 = Debug|x64
		{E969D236-D8B1-43A0-87A7-BC0B8EC8B246}.Debug|x86.ActiveCfg = Debug|Win32
		{E969D236-D8B1-43A0-87A7-BC0B8EC8B246}.Debug|x86.Build.0 = Debug|Win32
		{E969D236-D8B1-43A0-87A7-BC0B8EC8B246}.Release|Any CPU.ActiveCfg = Release|Win32
		{E969D236-D8B1-43A0-87A7-BC0B8EC8B246}.Release|x64.ActiveCfg = Release|x64
		{E969D236-D8B1-43A0-87A7-BC0B8EC8B246}.Release|x64.Build.0 = Release|x64
		{E969D236-D8B1-43A0-87A7-BC0B8EC8B246}.Release|x86.ActiveCfg = Release|Win32
		{E969D236-D8B1-43A0-87A7-BC0B8EC8B246}.Release|x86.Build.0 = Release|Win32
		{F0CFFF50-94C6-418B-9109-8C0EE4C87270}.Debug|Any CPU.ActiveCfg = Debug|Win32
		{F0CFFF50-94C6-418B-9109-8C0EE4C87270}.Debug|x64.ActiveCfg = Debug|Win32
		{F0CFFF50-94C6-418B-9109-8C0EE4C87270}.Debug|x86.ActiveCfg = Debug|Win32
		{F0CFFF50-94C6-418B-9109-8C0EE4C87270}.Debug|x86.Build.0 = Debug|Win32
		{F0CFFF50-94C6-418B-9109-8C0EE4C87270}.Release|Any CPU.ActiveCfg = Release|Win32
		{F0CFFF50-94C6-418B-9109-8C0EE4C87270}.Release|x64.ActiveCfg = Release|Win32
		{F0CFFF50-94C6-418B-9109-8C0EE4C87270}.Release|x86.ActiveCfg = Release|Win32
		{F0CFFF50-94C6-418B-9109-8C0EE4C87270}.Release|x86.Build.0 = Release|Win32
		{32180E84-8B10-456E-B308-C3F44CDA2C63}.Debug|Any CPU.ActiveCfg = Debug|Win32
		{32180E84-8B10-456E-B308-C3F44CDA2C63}.Debug|x64.ActiveCfg = Debug|x64
		{32180E84-8B10-456E-B308-C3F44CDA2C63}.Debug|x64.Build.0 = Debug|x64
		{32180E84-8B10-456E-B308-C3F44CDA2C63}.Debug|x86.ActiveCfg = Debug|Win32
		{32180E84-8B10-456E-B308-C3F44CDA2C63}.Debug|x86.Build.0 = Debug|Win32
		{32180E84-8B10-456E-B308-C3F44CDA2C63}.Release|Any CPU.ActiveCfg = Release|Win32
		{32180E84-8B10-456E-B308-C3F44CDA2C63}.Release|x64.ActiveCfg = Release|x64
		{32180E84-8B10-456E-B308-C3F44CDA2C63}.Release|x64.Build.0 = Release|x64
		{32180E84-8B10-456E-B308-C3F44CDA2C63}.Release|x86.ActiveCfg = Release|Win32
		{32180E84-8B10-456E-B308-C3F44CDA2C63}.Release|x86.Build.0 = Release|Win32
		{04018BC8-C7F4-4684-8CD8-4AA25A6B7114}.Debug|Any CPU.ActiveCfg = Debug|Win32
		{04018BC8-C7F4-4684-8CD8-4AA25A6B7114}.Debug|x64.ActiveCfg = Debug|x64
		{04018BC8-C7F4-4684-8CD8-4AA25A6B7114}.Debug|x64.Build.0 = Debug|x64
		{04018BC8-C7F4-4684-8CD8-4AA25A6B7114}.Debug|x64.Deploy.0 = Debug|x64
		{04018BC8-C7F4-4684-8CD8-4AA25A6B7114}.Debug|x86.ActiveCfg = Debug|Win32
		{04018BC8-C7F4-4684-8CD8-4AA25A6B7114}.Debug|x86.Build.0 = Debug|Win32
		{04018BC8-C7F4-4684-8CD8-4AA25A6B7114}.Debug|x86.Deploy.0 = Debug|Win32
		{04018BC8-C7F4-4684-8CD8-4AA25A6B7114}.Release|Any CPU.ActiveCfg = Release|Win32
		{04018BC8-C7F4-4684-8CD8-4AA25A6B7114}.Release|x64.ActiveCfg = Release|x64
		{04018BC8-C7F4-4684-8CD8-4AA25A6B7114}.Release|x64.Build.0 = Release|x64
		{04018BC8-C7F4-4684-8CD8-4AA25A6B7114}.Release|x64.Deploy.0 = Release|x64
		{04018BC8-C7F4-4684-8CD8-4AA25A6B7114}.Release|x86.ActiveCfg = Release|Win32
		{04018BC8-C7F4-4684-8CD8-4AA25A6B7114}.Release|x86.Build.0 = Release|Win32
		{04018BC8-C7F4-4684-8CD8-4AA25A6B7114}.Release|x86.Deploy.0 = Release|Win32
		{BFF9C813-01AF-43B3-A23E-2C62F332B994}.Debug|Any CPU.ActiveCfg = Debug|Win32
		{BFF9C813-01AF-43B3-A23E-2C62F332B994}.Debug|x64.ActiveCfg = Debug|x64
		{BFF9C813-01AF-43B3-A23E-2C62F332B994}.Debug|x64.Build.0 = Debug|x64
		{BFF9C813-01AF-43B3-A23E-2C62F332B994}.Debug|x86.ActiveCfg = Debug|Win32
		{BFF9C813-01AF-43B3-A23E-2C62F332B994}.Debug|x86.Build.0 = Debug|Win32
		{BFF9C813-01AF-43B3-A23E-2C62F332B994}.Release|Any CPU.ActiveCfg = Release|Win32
		{BFF9C813-01AF-43B3-A23E-2C62F332B994}.Release|x64.ActiveCfg = Release|x64
		{BFF9C813-01AF-43B3-A23E-2C62F332B994}.Release|x64.Build.0 = Release|x64
		{BFF9C813-01AF-43B3-A23E-2C62F332B994}.Release|x86.ActiveCfg = Release|Win32
		{BFF9C813-01AF-43B3-A23E-2C62F332B994}.Release|x86.Build.0 = Release|Win32
		{F0560F70-6A99-4A0D-8DED-BAAD4281578B}.Debug|Any CPU.ActiveCfg = Debug|Win32
		{F0560F70-6A99-4A0D-8DED-BAAD4281578B}.Debug|x64.ActiveCfg = Debug|x64
		{F0560F70-6A99-4A0D-8DED-BAAD4281578B}.Debug|x64.Build.0 = Debug|x64
		{F0560F70-6A99-4A0D-8DED-BAAD4281578B}.Debug|x86.ActiveCfg = Debug|Win32
		{F0560F70-6A99-4A0D-8DED-BAAD4281578B}.Debug|x86.Build.0 = Debug|Win32
		{F0560F70-6A99-4A0D-8DED-BAAD4281578B}.Release|Any CPU.ActiveCfg = Release|Win32
		{F0560F70-6A99-4A0D-8DED-BAAD4281578B}.Release|x64.ActiveCfg = Release|x64
		{F0560F70-6A99-4A0D-8DED-BAAD4281578B}.Release|x64.Build.0 = Release|x64
		{F0560F70-6A99-4A0D-8DED-BAAD4281578B}.Release|x86.ActiveCfg = Release|Win32
		{F0560F70-6A99-4A0D-8DED-BAAD4281578B}.Release|x86.Build.0 = Release|Win32
		{8777203E-DAC8-4748-BEC9-FC0FAC0E5BE3}.Debug|Any CPU.ActiveCfg = Debug|Win32
		{8777203E-DAC8-4748-BEC9-FC0FAC0E5BE3}.Debug|x64.ActiveCfg = Debug|x64
		{8777203E-DAC8-4748-BEC9-FC0FAC0E5BE3}.Debug|x64.Build.0 = Debug|x64
		{8777203E-DAC8-4748-BEC9-FC0FAC0E5BE3}.Debug|x86.ActiveCfg = Debug|Win32
		{8777203E-DAC8-4748-BEC9-FC0FAC0E5BE3}.Debug|x86.Build.0 = Debug|Win32
		{8777203E-DAC8-4748-BEC9-FC0FAC0E5BE3}.Release|Any CPU.ActiveCfg = Release|Win32
		{8777203E-DAC8-4748-BEC9-FC0FAC0E5BE3}.Release|x64.ActiveCfg = Release|x64
		{8777203E-DAC8-4748-BEC9-FC0FAC0E5BE3}.Release|x64.Build.0 = Release|x64
		{8777203E-DAC8-4748-BEC9-FC0FAC0E5BE3}.Release|x86.ActiveCfg = Release|Win32
		{8777203E-DAC8-4748-BEC9-FC0FAC0E5BE3}.Release|x86.Build.0 = Release|Win32
	EndGlobalSection
	GlobalSection(SolutionProperties) = preSolution
		HideSolutionNode = FALSE
	EndGlobalSection
	GlobalSection(NestedProjects) = preSolution
		{908819F1-7E72-4A7B-B0B3-EC5716A5F29F} = {18C2E41C-0BC6-42BD-9043-428561B565BC}
		{D5F7A369-ED1B-4190-AE93-100F6403BAED} = {26BD0025-342C-4076-9FC9-A0E714B6174C}
		{9AA459F5-30C7-4C21-9266-E042CCDE2B2F} = {18C2E41C-0BC6-42BD-9043-428561B565BC}
		{1ACE9E63-D6D8-4424-9875-F7FF6DA97219} = {18C2E41C-0BC6-42BD-9043-428561B565BC}
		{D173D18E-8D7B-4062-AED5-32AC61CD24B4} = {526DBCE3-9618-47B2-8D5F-387303D54225}
		{E0B52AE7-E160-4D32-BF3F-910B785E5A8E} = {E3AA1160-90C7-405B-9854-0FB98AD39DD0}
		{11E5F3C2-6662-4908-9A8D-96D3C852EAE5} = {18C2E41C-0BC6-42BD-9043-428561B565BC}
		{0C50EDD0-E645-4124-B2A0-465664B92E4B} = {09EF8FBE-35C1-4452-942A-6E13BD3E76A6}
		{C7A7CF34-FE28-43E2-B3D6-C4184A464C1E} = {18C2E41C-0BC6-42BD-9043-428561B565BC}
		{8ABFC9EF-8C9A-408C-AD35-D1DCB38CB9A7} = {18C2E41C-0BC6-42BD-9043-428561B565BC}
		{96B00AA7-CD66-46E8-BC20-D86DD95A2277} = {18C2E41C-0BC6-42BD-9043-428561B565BC}
		{E969D236-D8B1-43A0-87A7-BC0B8EC8B246} = {18C2E41C-0BC6-42BD-9043-428561B565BC}
		{F0CFFF50-94C6-418B-9109-8C0EE4C87270} = {E3AA1160-90C7-405B-9854-0FB98AD39DD0}
		{32180E84-8B10-456E-B308-C3F44CDA2C63} = {C5F88A4B-1BF1-4F05-9726-D663178F6F66}
		{26BD0025-342C-4076-9FC9-A0E714B6174C} = {B7F3E0B7-0A92-49F0-B899-027D3EE48EE7}
		{526DBCE3-9618-47B2-8D5F-387303D54225} = {B7F3E0B7-0A92-49F0-B899-027D3EE48EE7}
		{BFF9C813-01AF-43B3-A23E-2C62F332B994} = {E3AA1160-90C7-405B-9854-0FB98AD39DD0}
		{84CFAEC3-AA4D-4A8D-8AA2-46ADCFC97ADE} = {B7F3E0B7-0A92-49F0-B899-027D3EE48EE7}
		{8777203E-DAC8-4748-BEC9-FC0FAC0E5BE3} = {84CFAEC3-AA4D-4A8D-8AA2-46ADCFC97ADE}
	EndGlobalSection
	GlobalSection(ExtensibilityGlobals) = postSolution
		SolutionGuid = {2EA945E9-027E-4A82-A8BB-28F79C2DB9FA}
	EndGlobalSection
EndGlobal
