<?xml version="1.0" encoding="utf-8"?>
<Project ToolsVersion="4.0" xmlns="http://schemas.microsoft.com/developer/msbuild/2003">
  <ItemGroup>
    <Filter Include="Inc">
      <UniqueIdentifier>{98d134b2-fb4d-472c-ab5c-ff0629672a41}</UniqueIdentifier>
    </Filter>
    <Filter Include="Src">
      <UniqueIdentifier>{220714ab-f063-4b26-9725-a9fa6faa9249}</UniqueIdentifier>
    </Filter>
  </ItemGroup>
  <ItemGroup>
    <ClCompile Include="WinMain.cpp" />
    <ClCompile Include="GameApp.cpp" />
  </ItemGroup>
  <ItemGroup>
    <ClInclude Include="GameApp.h" />
  </ItemGroup>
</Project>