<?xml version="1.0" encoding="utf-8"?>
<Project ToolsVersion="4.0" xmlns="http://schemas.microsoft.com/developer/msbuild/2003">
  <ItemGroup>
    <Filter Include="Src">
      <UniqueIdentifier>{a5461fec-2d35-4180-86ca-942e8a9de528}</UniqueIdentifier>
    </Filter>
    <Filter Include="Inc">
      <UniqueIdentifier>{d40edcb3-3970-4414-b00e-dccbdda924ce}</UniqueIdentifier>
    </Filter>
  </ItemGroup>
  <ItemGroup>
    <ClInclude Include="Inc\Common.h">
      <Filter>Inc</Filter>
    </ClInclude>
    <ClInclude Include="Inc\Graphics.h">
      <Filter>Inc</Filter>
    </ClInclude>
    <ClInclude Include="Inc\GraphicsSystem.h">
      <Filter>Inc</Filter>
    </ClInclude>
    <ClInclude Include="Src\Precompiled.h">
      <Filter>Src</Filter>
    </ClInclude>
    <ClInclude Include="Inc\Pixelshader.h">
      <Filter>Inc</Filter>
    </ClInclude>
    <ClInclude Include="Inc\Vertex.h">
      <Filter>Inc</Filter>
    </ClInclude>
    <ClInclude Include="Inc\VertexShader.h">
      <Filter>Inc</Filter>
    </ClInclude>
    <ClInclude Include="Inc\Camera.h">
      <Filter>Inc</Filter>
    </ClInclude>
    <ClInclude Include="Inc\ConstantBuffer.h">
      <Filter>Inc</Filter>
    </ClInclude>
    <ClInclude Include="Inc\MeshBuffer.h">
      <Filter>Inc</Filter>
    </ClInclude>
    <ClInclude Include="Inc\Mesh.h">
      <Filter>Inc</Filter>
    </ClInclude>
    <ClInclude Include="Inc\MeshBuilder.h">
      <Filter>Inc</Filter>
    </ClInclude>
    <ClInclude Include="Inc\Texture.h">
      <Filter>Inc</Filter>
    </ClInclude>
    <ClInclude Include="Inc\HeightMap.h">
      <Filter>Inc</Filter>
    </ClInclude>
    <ClInclude Include="Inc\Sampler.h">
      <Filter>Inc</Filter>
    </ClInclude>
    <ClInclude Include="Inc\Terrain.h">
      <Filter>Inc</Filter>
    </ClInclude>
    <ClInclude Include="Inc\DepthStencilState.h">
      <Filter>Inc</Filter>
    </ClInclude>
    <ClInclude Include="Inc\RenderTarget.h">
      <Filter>Inc</Filter>
    </ClInclude>
    <ClInclude Include="Inc\ScreenMeshBuffer.h">
      <Filter>Inc</Filter>
    </ClInclude>
    <ClInclude Include="Inc\BlendState.h">
      <Filter>Inc</Filter>
    </ClInclude>
    <ClInclude Include="Inc\GeometryShader.h">
      <Filter>Inc</Filter>
    </ClInclude>
    <ClInclude Include="Inc\Bone.h">
      <Filter>Inc</Filter>
    </ClInclude>
    <ClInclude Include="Inc\BoneAnimation.h">
      <Filter>Inc</Filter>
    </ClInclude>
    <ClInclude Include="Inc\Animation.h">
      <Filter>Inc</Filter>
    </ClInclude>
    <ClInclude Include="Inc\KeyFrame.h">
      <Filter>Inc</Filter>
    </ClInclude>
    <ClInclude Include="Inc\Model.h">
      <Filter>Inc</Filter>
    </ClInclude>
    <ClInclude Include="Inc\AnimationClip.h">
      <Filter>Inc</Filter>
    </ClInclude>
    <ClInclude Include="Inc\SimpleDraw.h">
      <Filter>Inc</Filter>
    </ClInclude>
    <ClInclude Include="Inc\AnimationController.h" />
    <ClInclude Include="Src\Graphics.h" />
    <ClInclude Include="Inc\Gui.h">
      <Filter>Inc</Filter>
    </ClInclude>
    <ClInclude Include="Inc\Color.h" />
    <ClInclude Include="Inc\SpriteRenderer.h" />
  </ItemGroup>
  <ItemGroup>
    <ClCompile Include="Src\GraphicsSystem.cpp">
      <Filter>Src</Filter>
    </ClCompile>
    <ClCompile Include="Src\Precompiled.cpp">
      <Filter>Src</Filter>
    </ClCompile>
    <ClCompile Include="Src\PixelShader.cpp">
      <Filter>Src</Filter>
    </ClCompile>
    <ClCompile Include="Src\Vertex.cpp">
      <Filter>Src</Filter>
    </ClCompile>
    <ClCompile Include="Src\VertexShader.cpp">
      <Filter>Src</Filter>
    </ClCompile>
    <ClCompile Include="Src\Camera.cpp">
      <Filter>Src</Filter>
    </ClCompile>
    <ClCompile Include="Src\ConstantBuffer.cpp">
      <Filter>Src</Filter>
    </ClCompile>
    <ClCompile Include="Src\MeshBuffer.cpp">
      <Filter>Src</Filter>
    </ClCompile>
    <ClCompile Include="Src\Mesh.cpp">
      <Filter>Src</Filter>
    </ClCompile>
    <ClCompile Include="Src\MeshBuilder.cpp">
      <Filter>Src</Filter>
    </ClCompile>
    <ClCompile Include="Src\Texture.cpp">
      <Filter>Src</Filter>
    </ClCompile>
    <ClCompile Include="Src\HeightMap.cpp">
      <Filter>Src</Filter>
    </ClCompile>
    <ClCompile Include="Src\Sampler.cpp">
      <Filter>Src</Filter>
    </ClCompile>
    <ClCompile Include="Src\Terrain.cpp">
      <Filter>Src</Filter>
    </ClCompile>
    <ClCompile Include="Src\DepthStencilState.cpp">
      <Filter>Src</Filter>
    </ClCompile>
    <ClCompile Include="Src\RenderTarget.cpp">
      <Filter>Src</Filter>
    </ClCompile>
    <ClCompile Include="Src\ScreenMeshBuffer.cpp">
      <Filter>Src</Filter>
    </ClCompile>
    <ClCompile Include="Src\BlendState.cpp">
      <Filter>Src</Filter>
    </ClCompile>
    <ClCompile Include="Src\GeometryShader.cpp">
      <Filter>Src</Filter>
    </ClCompile>
    <ClCompile Include="Src\Model.cpp">
      <Filter>Src</Filter>
    </ClCompile>
    <ClCompile Include="Src\AnimationClip.cpp">
      <Filter>Src</Filter>
    </ClCompile>
    <ClCompile Include="Src\SimpleDraw.cpp">
      <Filter>Src</Filter>
    </ClCompile>
    <ClCompile Include="Src\AnimationController.cpp">
      <Filter>Src</Filter>
    </ClCompile>
    <ClCompile Include="Src\Gui.cpp">
      <Filter>Src</Filter>
    </ClCompile>
    <ClCompile Include="Src\SpriteRenderer.cpp" />
  </ItemGroup>
</Project>